// !$*UTF8*$!
{
	archiveVersion = 1;
	classes = {
	};
	objectVersion = 77;
	objects = {

/* Begin PBXBuildFile section */
		D076FB262DB590BD00EABEF7 /* Sourceful in Frameworks */ = {isa = PBXBuildFile; productRef = D076FB252DB590BD00EABEF7 /* Sourceful */; };
/* End PBXBuildFile section */

/* Begin PBXContainerItemProxy section */
		D0675CAC2DB0925D00B190C3 /* PBXContainerItemProxy */ = {
			isa = PBXContainerItemProxy;
			containerPortal = D0675C922DB0925C00B190C3 /* Project object */;
			proxyType = 1;
			remoteGlobalIDString = D0675C992DB0925C00B190C3;
			remoteInfo = GitApp;
		};
		D0675CB62DB0925D00B190C3 /* PBXContainerItemProxy */ = {
			isa = PBXContainerItemProxy;
			containerPortal = D0675C922DB0925C00B190C3 /* Project object */;
			proxyType = 1;
			remoteGlobalIDString = D0675C992DB0925C00B190C3;
			remoteInfo = GitApp;
		};
/* End PBXContainerItemProxy section */

/* Begin PBXFileReference section */
		D0675C9A2DB0925C00B190C3 /* GitApp.app */ = {isa = PBXFileReference; explicitFileType = wrapper.application; includeInIndex = 0; path = GitApp.app; sourceTree = BUILT_PRODUCTS_DIR; };
		D0675CAB2DB0925D00B190C3 /* GitAppTests.xctest */ = {isa = PBXFileReference; explicitFileType = wrapper.cfbundle; includeInIndex = 0; path = GitAppTests.xctest; sourceTree = BUILT_PRODUCTS_DIR; };
		D0675CB52DB0925D00B190C3 /* GitAppUITests.xctest */ = {isa = PBXFileReference; explicitFileType = wrapper.cfbundle; includeInIndex = 0; path = GitAppUITests.xctest; sourceTree = BUILT_PRODUCTS_DIR; };
/* End PBXFileReference section */

/* Begin PBXFileSystemSynchronizedRootGroup section */
		D0675C9C2DB0925C00B190C3 /* GitApp */ = {
			isa = PBXFileSystemSynchronizedRootGroup;
			path = GitApp;
			sourceTree = "<group>";
		};
		D0675CAE2DB0925D00B190C3 /* GitAppTests */ = {
			isa = PBXFileSystemSynchronizedRootGroup;
			path = GitAppTests;
			sourceTree = "<group>";
		};
		D0675CB82DB0925D00B190C3 /* GitAppUITests */ = {
			isa = PBXFileSystemSynchronizedRootGroup;
			path = GitAppUITests;
			sourceTree = "<group>";
		};
/* End PBXFileSystemSynchronizedRootGroup section */

/* Begin PBXFrameworksBuildPhase section */
		D0675C972DB0925C00B190C3 /* Frameworks */ = {
			isa = PBXFrameworksBuildPhase;
			buildActionMask = 2147483647;
			files = (
				D076FB262DB590BD00EABEF7 /* Sourceful in Frameworks */,
			);
			runOnlyForDeploymentPostprocessing = 0;
		};
		D0675CA82DB0925D00B190C3 /* Frameworks */ = {
			isa = PBXFrameworksBuildPhase;
			buildActionMask = 2147483647;
			files = (
			);
			runOnlyForDeploymentPostprocessing = 0;
		};
		D0675CB22DB0925D00B190C3 /* Frameworks */ = {
			isa = PBXFrameworksBuildPhase;
			buildActionMask = 2147483647;
			files = (
			);
			runOnlyForDeploymentPostprocessing = 0;
		};
/* End PBXFrameworksBuildPhase section */

/* Begin PBXGroup section */
		D0675C912DB0925C00B190C3 = {
			isa = PBXGroup;
			children = (
				D0675C9C2DB0925C00B190C3 /* GitApp */,
				D0675CAE2DB0925D00B190C3 /* GitAppTests */,
				D0675CB82DB0925D00B190C3 /* GitAppUITests */,
				D0675C9B2DB0925C00B190C3 /* Products */,
			);
			sourceTree = "<group>";
		};
		D0675C9B2DB0925C00B190C3 /* Products */ = {
			isa = PBXGroup;
			children = (
				D0675C9A2DB0925C00B190C3 /* GitApp.app */,
				D0675CAB2DB0925D00B190C3 /* GitAppTests.xctest */,
				D0675CB52DB0925D00B190C3 /* GitAppUITests.xctest */,
			);
			name = Products;
			sourceTree = "<group>";
		};
/* End PBXGroup section */

/* Begin PBXNativeTarget section */
		D0675C992DB0925C00B190C3 /* GitApp */ = {
			isa = PBXNativeTarget;
			buildConfigurationList = D0675CBF2DB0925D00B190C3 /* Build configuration list for PBXNativeTarget "GitApp" */;
			buildPhases = (
				D0675C962DB0925C00B190C3 /* Sources */,
				D0675C972DB0925C00B190C3 /* Frameworks */,
				D0675C982DB0925C00B190C3 /* Resources */,
			);
			buildRules = (
			);
			dependencies = (
			);
			fileSystemSynchronizedGroups = (
				D0675C9C2DB0925C00B190C3 /* GitApp */,
			);
			name = GitApp;
			packageProductDependencies = (
				D076FB252DB590BD00EABEF7 /* Sourceful */,
			);
			productName = GitApp;
			productReference = D0675C9A2DB0925C00B190C3 /* GitApp.app */;
			productType = "com.apple.product-type.application";
		};
		D0675CAA2DB0925D00B190C3 /* GitAppTests */ = {
			isa = PBXNativeTarget;
			buildConfigurationList = D0675CC22DB0925D00B190C3 /* Build configuration list for PBXNativeTarget "GitAppTests" */;
			buildPhases = (
				D0675CA72DB0925D00B190C3 /* Sources */,
				D0675CA82DB0925D00B190C3 /* Frameworks */,
				D0675CA92DB0925D00B190C3 /* Resources */,
			);
			buildRules = (
			);
			dependencies = (
				D0675CAD2DB0925D00B190C3 /* PBXTargetDependency */,
			);
			fileSystemSynchronizedGroups = (
				D0675CAE2DB0925D00B190C3 /* GitAppTests */,
			);
			name = GitAppTests;
			packageProductDependencies = (
			);
			productName = GitAppTests;
			productReference = D0675CAB2DB0925D00B190C3 /* GitAppTests.xctest */;
			productType = "com.apple.product-type.bundle.unit-test";
		};
		D0675CB42DB0925D00B190C3 /* GitAppUITests */ = {
			isa = PBXNativeTarget;
			buildConfigurationList = D0675CC52DB0925D00B190C3 /* Build configuration list for PBXNativeTarget "GitAppUITests" */;
			buildPhases = (
				D0675CB12DB0925D00B190C3 /* Sources */,
				D0675CB22DB0925D00B190C3 /* Frameworks */,
				D0675CB32DB0925D00B190C3 /* Resources */,
			);
			buildRules = (
			);
			dependencies = (
				D0675CB72DB0925D00B190C3 /* PBXTargetDependency */,
			);
			fileSystemSynchronizedGroups = (
				D0675CB82DB0925D00B190C3 /* GitAppUITests */,
			);
			name = GitAppUITests;
			packageProductDependencies = (
			);
			productName = GitAppUITests;
			productReference = D0675CB52DB0925D00B190C3 /* GitAppUITests.xctest */;
			productType = "com.apple.product-type.bundle.ui-testing";
		};
/* End PBXNativeTarget section */

/* Begin PBXProject section */
		D0675C922DB0925C00B190C3 /* Project object */ = {
			isa = PBXProject;
			attributes = {
				BuildIndependentTargetsInParallel = 1;
				LastSwiftUpdateCheck = 1610;
				LastUpgradeCheck = 1610;
				TargetAttributes = {
					D0675C992DB0925C00B190C3 = {
						CreatedOnToolsVersion = 16.1;
					};
					D0675CAA2DB0925D00B190C3 = {
						CreatedOnToolsVersion = 16.1;
						TestTargetID = D0675C992DB0925C00B190C3;
					};
					D0675CB42DB0925D00B190C3 = {
						CreatedOnToolsVersion = 16.1;
						TestTargetID = D0675C992DB0925C00B190C3;
					};
				};
			};
			buildConfigurationList = D0675C952DB0925C00B190C3 /* Build configuration list for PBXProject "GitApp" */;
			developmentRegion = en;
			hasScannedForEncodings = 0;
			knownRegions = (
				en,
				Base,
			);
			mainGroup = D0675C912DB0925C00B190C3;
			minimizedProjectReferenceProxies = 1;
			packageReferences = (
				D076FB242DB590BD00EABEF7 /* XCRemoteSwiftPackageReference "Sourceful" */,
			);
			preferredProjectObjectVersion = 77;
			productRefGroup = D0675C9B2DB0925C00B190C3 /* Products */;
			projectDirPath = "";
			projectRoot = "";
			targets = (
				D0675C992DB0925C00B190C3 /* GitApp */,
				D0675CAA2DB0925D00B190C3 /* GitAppTests */,
				D0675CB42DB0925D00B190C3 /* GitAppUITests */,
			);
		};
/* End PBXProject section */

/* Begin PBXResourcesBuildPhase section */
		D0675C982DB0925C00B190C3 /* Resources */ = {
			isa = PBXResourcesBuildPhase;
			buildActionMask = 2147483647;
			files = (
			);
			runOnlyForDeploymentPostprocessing = 0;
		};
		D0675CA92DB0925D00B190C3 /* Resources */ = {
			isa = PBXResourcesBuildPhase;
			buildActionMask = 2147483647;
			files = (
			);
			runOnlyForDeploymentPostprocessing = 0;
		};
		D0675CB32DB0925D00B190C3 /* Resources */ = {
			isa = PBXResourcesBuildPhase;
			buildActionMask = 2147483647;
			files = (
			);
			runOnlyForDeploymentPostprocessing = 0;
		};
/* End PBXResourcesBuildPhase section */

/* Begin PBXSourcesBuildPhase section */
		D0675C962DB0925C00B190C3 /* Sources */ = {
			isa = PBXSourcesBuildPhase;
			buildActionMask = 2147483647;
			files = (
			);
			runOnlyForDeploymentPostprocessing = 0;
		};
		D0675CA72DB0925D00B190C3 /* Sources */ = {
			isa = PBXSourcesBuildPhase;
			buildActionMask = 2147483647;
			files = (
			);
			runOnlyForDeploymentPostprocessing = 0;
		};
		D0675CB12DB0925D00B190C3 /* Sources */ = {
			isa = PBXSourcesBuildPhase;
			buildActionMask = 2147483647;
			files = (
			);
			runOnlyForDeploymentPostprocessing = 0;
		};
/* End PBXSourcesBuildPhase section */

/* Begin PBXTargetDependency section */
		D0675CAD2DB0925D00B190C3 /* PBXTargetDependency */ = {
			isa = PBXTargetDependency;
			target = D0675C992DB0925C00B190C3 /* GitApp */;
			targetProxy = D0675CAC2DB0925D00B190C3 /* PBXContainerItemProxy */;
		};
		D0675CB72DB0925D00B190C3 /* PBXTargetDependency */ = {
			isa = PBXTargetDependency;
			target = D0675C992DB0925C00B190C3 /* GitApp */;
			targetProxy = D0675CB62DB0925D00B190C3 /* PBXContainerItemProxy */;
		};
/* End PBXTargetDependency section */

/* Begin XCBuildConfiguration section */
		D0675CBD2DB0925D00B190C3 /* Debug */ = {
			isa = XCBuildConfiguration;
			buildSettings = {
				ALWAYS_SEARCH_USER_PATHS = NO;
				ASSETCATALOG_COMPILER_GENERATE_SWIFT_ASSET_SYMBOL_EXTENSIONS = YES;
				CLANG_ANALYZER_NONNULL = YES;
				CLANG_ANALYZER_NUMBER_OBJECT_CONVERSION = YES_AGGRESSIVE;
				CLANG_CXX_LANGUAGE_STANDARD = "gnu++20";
				CLANG_ENABLE_MODULES = YES;
				CLANG_ENABLE_OBJC_ARC = YES;
				CLANG_ENABLE_OBJC_WEAK = YES;
				CLANG_WARN_BLOCK_CAPTURE_AUTORELEASING = YES;
				CLANG_WARN_BOOL_CONVERSION = YES;
				CLANG_WARN_COMMA = YES;
				CLANG_WARN_CONSTANT_CONVERSION = YES;
				CLANG_WARN_DEPRECATED_OBJC_IMPLEMENTATIONS = YES;
				CLANG_WARN_DIRECT_OBJC_ISA_USAGE = YES_ERROR;
				CLANG_WARN_DOCUMENTATION_COMMENTS = YES;
				CLANG_WARN_EMPTY_BODY = YES;
				CLANG_WARN_ENUM_CONVERSION = YES;
				CLANG_WARN_INFINITE_RECURSION = YES;
				CLANG_WARN_INT_CONVERSION = YES;
				CLANG_WARN_NON_LITERAL_NULL_CONVERSION = YES;
				CLANG_WARN_OBJC_IMPLICIT_RETAIN_SELF = YES;
				CLANG_WARN_OBJC_LITERAL_CONVERSION = YES;
				CLANG_WARN_OBJC_ROOT_CLASS = YES_ERROR;
				CLANG_WARN_QUOTED_INCLUDE_IN_FRAMEWORK_HEADER = YES;
				CLANG_WARN_RANGE_LOOP_ANALYSIS = YES;
				CLANG_WARN_STRICT_PROTOTYPES = YES;
				CLANG_WARN_SUSPICIOUS_MOVE = YES;
				CLANG_WARN_UNGUARDED_AVAILABILITY = YES_AGGRESSIVE;
				CLANG_WARN_UNREACHABLE_CODE = YES;
				CLANG_WARN__DUPLICATE_METHOD_MATCH = YES;
				COPY_PHASE_STRIP = NO;
				DEBUG_INFORMATION_FORMAT = dwarf;
				ENABLE_STRICT_OBJC_MSGSEND = YES;
				ENABLE_TESTABILITY = YES;
				ENABLE_USER_SCRIPT_SANDBOXING = YES;
				GCC_C_LANGUAGE_STANDARD = gnu17;
				GCC_DYNAMIC_NO_PIC = NO;
				GCC_NO_COMMON_BLOCKS = YES;
				GCC_OPTIMIZATION_LEVEL = 0;
				GCC_PREPROCESSOR_DEFINITIONS = (
					"DEBUG=1",
					"$(inherited)",
				);
				GCC_WARN_64_TO_32_BIT_CONVERSION = YES;
				GCC_WARN_ABOUT_RETURN_TYPE = YES_ERROR;
				GCC_WARN_UNDECLARED_SELECTOR = YES;
				GCC_WARN_UNINITIALIZED_AUTOS = YES_AGGRESSIVE;
				GCC_WARN_UNUSED_FUNCTION = YES;
				GCC_WARN_UNUSED_VARIABLE = YES;
				LOCALIZATION_PREFERS_STRING_CATALOGS = YES;
				MACOSX_DEPLOYMENT_TARGET = 15.1;
				MTL_ENABLE_DEBUG_INFO = INCLUDE_SOURCE;
				MTL_FAST_MATH = YES;
				ONLY_ACTIVE_ARCH = YES;
				SDKROOT = macosx;
				SWIFT_ACTIVE_COMPILATION_CONDITIONS = "DEBUG $(inherited)";
				SWIFT_OPTIMIZATION_LEVEL = "-Onone";
			};
			name = Debug;
		};
		D0675CBE2DB0925D00B190C3 /* Release */ = {
			isa = XCBuildConfiguration;
			buildSettings = {
				ALWAYS_SEARCH_USER_PATHS = NO;
				ASSETCATALOG_COMPILER_GENERATE_SWIFT_ASSET_SYMBOL_EXTENSIONS = YES;
				CLANG_ANALYZER_NONNULL = YES;
				CLANG_ANALYZER_NUMBER_OBJECT_CONVERSION = YES_AGGRESSIVE;
				CLANG_CXX_LANGUAGE_STANDARD = "gnu++20";
				CLANG_ENABLE_MODULES = YES;
				CLANG_ENABLE_OBJC_ARC = YES;
				CLANG_ENABLE_OBJC_WEAK = YES;
				CLANG_WARN_BLOCK_CAPTURE_AUTORELEASING = YES;
				CLANG_WARN_BOOL_CONVERSION = YES;
				CLANG_WARN_COMMA = YES;
				CLANG_WARN_CONSTANT_CONVERSION = YES;
				CLANG_WARN_DEPRECATED_OBJC_IMPLEMENTATIONS = YES;
				CLANG_WARN_DIRECT_OBJC_ISA_USAGE = YES_ERROR;
				CLANG_WARN_DOCUMENTATION_COMMENTS = YES;
				CLANG_WARN_EMPTY_BODY = YES;
				CLANG_WARN_ENUM_CONVERSION = YES;
				CLANG_WARN_INFINITE_RECURSION = YES;
				CLANG_WARN_INT_CONVERSION = YES;
				CLANG_WARN_NON_LITERAL_NULL_CONVERSION = YES;
				CLANG_WARN_OBJC_IMPLICIT_RETAIN_SELF = YES;
				CLANG_WARN_OBJC_LITERAL_CONVERSION = YES;
				CLANG_WARN_OBJC_ROOT_CLASS = YES_ERROR;
				CLANG_WARN_QUOTED_INCLUDE_IN_FRAMEWORK_HEADER = YES;
				CLANG_WARN_RANGE_LOOP_ANALYSIS = YES;
				CLANG_WARN_STRICT_PROTOTYPES = YES;
				CLANG_WARN_SUSPICIOUS_MOVE = YES;
				CLANG_WARN_UNGUARDED_AVAILABILITY = YES_AGGRESSIVE;
				CLANG_WARN_UNREACHABLE_CODE = YES;
				CLANG_WARN__DUPLICATE_METHOD_MATCH = YES;
				COPY_PHASE_STRIP = NO;
				DEBUG_INFORMATION_FORMAT = "dwarf-with-dsym";
				ENABLE_NS_ASSERTIONS = NO;
				ENABLE_STRICT_OBJC_MSGSEND = YES;
				ENABLE_USER_SCRIPT_SANDBOXING = YES;
				GCC_C_LANGUAGE_STANDARD = gnu17;
				GCC_NO_COMMON_BLOCKS = YES;
				GCC_WARN_64_TO_32_BIT_CONVERSION = YES;
				GCC_WARN_ABOUT_RETURN_TYPE = YES_ERROR;
				GCC_WARN_UNDECLARED_SELECTOR = YES;
				GCC_WARN_UNINITIALIZED_AUTOS = YES_AGGRESSIVE;
				GCC_WARN_UNUSED_FUNCTION = YES;
				GCC_WARN_UNUSED_VARIABLE = YES;
				LOCALIZATION_PREFERS_STRING_CATALOGS = YES;
				MACOSX_DEPLOYMENT_TARGET = 15.1;
				MTL_ENABLE_DEBUG_INFO = NO;
				MTL_FAST_MATH = YES;
				SDKROOT = macosx;
				SWIFT_COMPILATION_MODE = wholemodule;
			};
			name = Release;
		};
		D0675CC02DB0925D00B190C3 /* Debug */ = {
			isa = XCBuildConfiguration;
			buildSettings = {
				ASSETCATALOG_COMPILER_APPICON_NAME = AppIcon;
				ASSETCATALOG_COMPILER_GLOBAL_ACCENT_COLOR_NAME = AccentColor;
				CODE_SIGN_ENTITLEMENTS = GitApp/GitApp.entitlements;
				"CODE_SIGN_IDENTITY[sdk=macosx*]" = "-";
				CODE_SIGN_STYLE = Automatic;
				COMBINE_HIDPI_IMAGES = YES;
				CURRENT_PROJECT_VERSION = 1;
				DEVELOPMENT_ASSET_PATHS = "\"GitApp/Preview Content\"";
				DEVELOPMENT_TEAM = CU7R9M64YS;
				ENABLE_HARDENED_RUNTIME = YES;
				ENABLE_PREVIEWS = YES;
				GENERATE_INFOPLIST_FILE = YES;
				INFOPLIST_KEY_NSHumanReadableCopyright = "";
				LD_RUNPATH_SEARCH_PATHS = (
					"$(inherited)",
					"@executable_path/../Frameworks",
				);
				MARKETING_VERSION = 1.0;
				PRODUCT_BUNDLE_IDENTIFIER = com.ahmedRagab.GitApp;
				PRODUCT_NAME = "$(TARGET_NAME)";
				SWIFT_EMIT_LOC_STRINGS = YES;
				SWIFT_VERSION = 5.0;
			};
			name = Debug;
		};
		D0675CC12DB0925D00B190C3 /* Release */ = {
			isa = XCBuildConfiguration;
			buildSettings = {
				ASSETCATALOG_COMPILER_APPICON_NAME = AppIcon;
				ASSETCATALOG_COMPILER_GLOBAL_ACCENT_COLOR_NAME = AccentColor;
				CODE_SIGN_ENTITLEMENTS = GitApp/GitApp.entitlements;
				"CODE_SIGN_IDENTITY[sdk=macosx*]" = "-";
				CODE_SIGN_STYLE = Automatic;
				COMBINE_HIDPI_IMAGES = YES;
				CURRENT_PROJECT_VERSION = 1;
				DEVELOPMENT_ASSET_PATHS = "\"GitApp/Preview Content\"";
				DEVELOPMENT_TEAM = CU7R9M64YS;
				ENABLE_HARDENED_RUNTIME = YES;
				ENABLE_PREVIEWS = YES;
				GENERATE_INFOPLIST_FILE = YES;
				INFOPLIST_KEY_NSHumanReadableCopyright = "";
				LD_RUNPATH_SEARCH_PATHS = (
					"$(inherited)",
					"@executable_path/../Frameworks",
				);
				MARKETING_VERSION = 1.0;
				PRODUCT_BUNDLE_IDENTIFIER = com.ahmedRagab.GitApp;
				PRODUCT_NAME = "$(TARGET_NAME)";
				SWIFT_EMIT_LOC_STRINGS = YES;
				SWIFT_VERSION = 5.0;
			};
			name = Release;
		};
		D0675CC32DB0925D00B190C3 /* Debug */ = {
			isa = XCBuildConfiguration;
			buildSettings = {
				BUNDLE_LOADER = "$(TEST_HOST)";
				CODE_SIGN_STYLE = Automatic;
				CURRENT_PROJECT_VERSION = 1;
				DEVELOPMENT_TEAM = 7Z6V95G685;
				GENERATE_INFOPLIST_FILE = YES;
				MACOSX_DEPLOYMENT_TARGET = 15.1;
				MARKETING_VERSION = 1.0;
				PRODUCT_BUNDLE_IDENTIFIER = com.ahmedRagab.GitAppTests;
				PRODUCT_NAME = "$(TARGET_NAME)";
				SWIFT_EMIT_LOC_STRINGS = NO;
				SWIFT_VERSION = 5.0;
				TEST_HOST = "$(BUILT_PRODUCTS_DIR)/GitApp.app/$(BUNDLE_EXECUTABLE_FOLDER_PATH)/GitApp";
			};
			name = Debug;
		};
		D0675CC42DB0925D00B190C3 /* Release */ = {
			isa = XCBuildConfiguration;
			buildSettings = {
				BUNDLE_LOADER = "$(TEST_HOST)";
				CODE_SIGN_STYLE = Automatic;
				CURRENT_PROJECT_VERSION = 1;
				DEVELOPMENT_TEAM = 7Z6V95G685;
				GENERATE_INFOPLIST_FILE = YES;
				MACOSX_DEPLOYMENT_TARGET = 15.1;
				MARKETING_VERSION = 1.0;
				PRODUCT_BUNDLE_IDENTIFIER = com.ahmedRagab.GitAppTests;
				PRODUCT_NAME = "$(TARGET_NAME)";
				SWIFT_EMIT_LOC_STRINGS = NO;
				SWIFT_VERSION = 5.0;
				TEST_HOST = "$(BUILT_PRODUCTS_DIR)/GitApp.app/$(BUNDLE_EXECUTABLE_FOLDER_PATH)/GitApp";
			};
			name = Release;
		};
		D0675CC62DB0925D00B190C3 /* Debug */ = {
			isa = XCBuildConfiguration;
			buildSettings = {
				CODE_SIGN_STYLE = Automatic;
				CURRENT_PROJECT_VERSION = 1;
				DEVELOPMENT_TEAM = 7Z6V95G685;
				GENERATE_INFOPLIST_FILE = YES;
				MARKETING_VERSION = 1.0;
				PRODUCT_BUNDLE_IDENTIFIER = com.ahmedRagab.GitAppUITests;
				PRODUCT_NAME = "$(TARGET_NAME)";
				SWIFT_EMIT_LOC_STRINGS = NO;
				SWIFT_VERSION = 5.0;
				TEST_TARGET_NAME = GitApp;
			};
			name = Debug;
		};
		D0675CC72DB0925D00B190C3 /* Release */ = {
			isa = XCBuildConfiguration;
			buildSettings = {
				CODE_SIGN_STYLE = Automatic;
				CURRENT_PROJECT_VERSION = 1;
				DEVELOPMENT_TEAM = 7Z6V95G685;
				GENERATE_INFOPLIST_FILE = YES;
				MARKETING_VERSION = 1.0;
				PRODUCT_BUNDLE_IDENTIFIER = com.ahmedRagab.GitAppUITests;
				PRODUCT_NAME = "$(TARGET_NAME)";
				SWIFT_EMIT_LOC_STRINGS = NO;
				SWIFT_VERSION = 5.0;
				TEST_TARGET_NAME = GitApp;
			};
			name = Release;
		};
/* End XCBuildConfiguration section */

/* Begin XCConfigurationList section */
		D0675C952DB0925C00B190C3 /* Build configuration list for PBXProject "GitApp" */ = {
			isa = XCConfigurationList;
			buildConfigurations = (
				D0675CBD2DB0925D00B190C3 /* Debug */,
				D0675CBE2DB0925D00B190C3 /* Release */,
			);
			defaultConfigurationIsVisible = 0;
			defaultConfigurationName = Release;
		};
		D0675CBF2DB0925D00B190C3 /* Build configuration list for PBXNativeTarget "GitApp" */ = {
			isa = XCConfigurationList;
			buildConfigurations = (
				D0675CC02DB0925D00B190C3 /* Debug */,
				D0675CC12DB0925D00B190C3 /* Release */,
			);
			defaultConfigurationIsVisible = 0;
			defaultConfigurationName = Release;
		};
		D0675CC22DB0925D00B190C3 /* Build configuration list for PBXNativeTarget "GitAppTests" */ = {
			isa = XCConfigurationList;
			buildConfigurations = (
				D0675CC32DB0925D00B190C3 /* Debug */,
				D0675CC42DB0925D00B190C3 /* Release */,
			);
			defaultConfigurationIsVisible = 0;
			defaultConfigurationName = Release;
		};
		D0675CC52DB0925D00B190C3 /* Build configuration list for PBXNativeTarget "GitAppUITests" */ = {
			isa = XCConfigurationList;
			buildConfigurations = (
				D0675CC62DB0925D00B190C3 /* Debug */,
				D0675CC72DB0925D00B190C3 /* Release */,
			);
			defaultConfigurationIsVisible = 0;
			defaultConfigurationName = Release;
		};
/* End XCConfigurationList section */

/* Begin XCRemoteSwiftPackageReference section */
		D076FB242DB590BD00EABEF7 /* XCRemoteSwiftPackageReference "Sourceful" */ = {
			isa = XCRemoteSwiftPackageReference;
			repositoryURL = "https://github.com/maoyama/Sourceful";
			requirement = {
				kind = upToNextMajorVersion;
				minimumVersion = 1.0.0;
			};
		};
/* End XCRemoteSwiftPackageReference section */

/* Begin XCSwiftPackageProductDependency section */
		D076FB252DB590BD00EABEF7 /* Sourceful */ = {
			isa = XCSwiftPackageProductDependency;
			package = D076FB242DB590BD00EABEF7 /* XCRemoteSwiftPackageReference "Sourceful" */;
			productName = Sourceful;
		};
/* End XCSwiftPackageProductDependency section */
	};
	rootObject = D0675C922DB0925C00B190C3 /* Project object */;
}
